
Microsoft Visual Studio Solution File, Format Version 12.00
# Visual Studio Version 16
VisualStudioVersion = 16.0.29721.120
MinimumVisualStudioVersion = 10.0.40219.1
Project("{FAE04EC0-301F-11D3-BF4B-00C04F79EFBC}") = "Triangle", "Triangle\Triangle.csproj", "{B2391348-4B16-4B65-9164-F9204CC0E21F}"
EndProject
Global
	GlobalSection(SolutionConfigurationPlatforms) = preSolution
		Debug|Any CPU = Debug|Any CPU
		Release|Any CPU = Release|Any CPU
	EndGlobalSection
	GlobalSection(ProjectConfigurationPlatforms) = postSolution
		{B2391348-4B16-4B65-9164-F9204CC0E21F}.Debug|Any CPU.ActiveCfg = Debug|Any CPU
		{B2391348-4B16-4B65-9164-F9204CC0E21F}.Debug|Any CPU.Build.0 = Debug|Any CPU
		{B2391348-4B16-4B65-9164-F9204CC0E21F}.Release|Any CPU.ActiveCfg = Release|Any CPU
		{B2391348-4B16-4B65-9164-F9204CC0E21F}.Release|Any CPU.Build.0 = Release|Any CPU
	EndGlobalSection
	GlobalSection(SolutionProperties) = preSolution
		HideSolutionNode = FALSE
	EndGlobalSection
	GlobalSection(ExtensibilityGlobals) = postSolution
		SolutionGuid = {F9D748DB-6A6A-4A7B-BA07-AE209E966A7C}
	EndGlobalSection
EndGlobal
